
Microsoft Visual Studio Solution File, Format Version 12.00
# Visual Studio Version 17
VisualStudioVersion = 17.5.33516.290
MinimumVisualStudioVersion = 10.0.40219.1
Project("{9A19103F-16F7-4668-BE54-9A1E7A4F7556}") = "TaskManagement", "TaskManagement\TaskManagement.csproj", "{783764D4-99FA-4BB9-BD40-AA78F6B78898}"
EndProject
Project("{9A19103F-16F7-4668-BE54-9A1E7A4F7556}") = "TaskManagement.Domain", "TaskManagement.Domain\TaskManagement.Domain.csproj", "{2E1BF22A-A0B4-481F-8E72-DAAFD9610234}"
EndProject
Project("{9A19103F-16F7-4668-BE54-9A1E7A4F7556}") = "TaskManagement.Application", "TaskManagement.Application\TaskManagement.Application.csproj", "{AFA39611-3D1E-4474-8DB9-E53A8030295A}"
EndProject
Project("{9A19103F-16F7-4668-BE54-9A1E7A4F7556}") = "TaskManagement.Infrastructure", "TaskManagement.Infrastructure\TaskManagement.Infrastructure.csproj", "{502B2DEF-C0DA-44A8-A77F-65118B8BF902}"
	ProjectSection(ProjectDependencies) = postProject
		{AFA39611-3D1E-4474-8DB9-E53A8030295A} = {AFA39611-3D1E-4474-8DB9-E53A8030295A}
	EndProjectSection
EndProject
Project("{9A19103F-16F7-4668-BE54-9A1E7A4F7556}") = "TaskManagement.Application.UnitTest", "TaskManagement.Application.UnitTest\TaskManagement.Application.UnitTest.csproj", "{CBAF7C57-1904-4B93-9278-F43A5B76D637}"
EndProject
Project("{9A19103F-16F7-4668-BE54-9A1E7A4F7556}") = "TaskManagement.Application.IntegrationTest", "TaskManagement.Application.IntegrationTest\TaskManagement.Application.IntegrationTest.csproj", "{929F11B1-C52B-45A2-BDA2-7114AFF2CCDC}"
EndProject
Project("{9A19103F-16F7-4668-BE54-9A1E7A4F7556}") = "TaskManagement.Test.Common", "TaskManagement.Test.Common\TaskManagement.Test.Common.csproj", "{E1A17810-AABF-4B00-BA5F-74C728696CE0}"
EndProject
Project("{FAE04EC0-301F-11D3-BF4B-00C04F79EFBC}") = "TaskManagement.IntegrationTest", "TaskManagement.IntegrationTest\TaskManagement.IntegrationTest.csproj", "{F78219CE-6EE7-4ED3-BA18-D1F0571FDB81}"
EndProject
Global
	GlobalSection(SolutionConfigurationPlatforms) = preSolution
		Debug|Any CPU = Debug|Any CPU
		Release|Any CPU = Release|Any CPU
	EndGlobalSection
	GlobalSection(ProjectConfigurationPlatforms) = postSolution
		{783764D4-99FA-4BB9-BD40-AA78F6B78898}.Debug|Any CPU.ActiveCfg = Debug|Any CPU
		{783764D4-99FA-4BB9-BD40-AA78F6B78898}.Debug|Any CPU.Build.0 = Debug|Any CPU
		{783764D4-99FA-4BB9-BD40-AA78F6B78898}.Release|Any CPU.ActiveCfg = Release|Any CPU
		{783764D4-99FA-4BB9-BD40-AA78F6B78898}.Release|Any CPU.Build.0 = Release|Any CPU
		{2E1BF22A-A0B4-481F-8E72-DAAFD9610234}.Debug|Any CPU.ActiveCfg = Debug|Any CPU
		{2E1BF22A-A0B4-481F-8E72-DAAFD9610234}.Debug|Any CPU.Build.0 = Debug|Any CPU
		{2E1BF22A-A0B4-481F-8E72-DAAFD9610234}.Release|Any CPU.ActiveCfg = Release|Any CPU
		{2E1BF22A-A0B4-481F-8E72-DAAFD9610234}.Release|Any CPU.Build.0 = Release|Any CPU
		{AFA39611-3D1E-4474-8DB9-E53A8030295A}.Debug|Any CPU.ActiveCfg = Debug|Any CPU
		{AFA39611-3D1E-4474-8DB9-E53A8030295A}.Debug|Any CPU.Build.0 = Debug|Any CPU
		{AFA39611-3D1E-4474-8DB9-E53A8030295A}.Release|Any CPU.ActiveCfg = Release|Any CPU
		{AFA39611-3D1E-4474-8DB9-E53A8030295A}.Release|Any CPU.Build.0 = Release|Any CPU
		{502B2DEF-C0DA-44A8-A77F-65118B8BF902}.Debug|Any CPU.ActiveCfg = Debug|Any CPU
		{502B2DEF-C0DA-44A8-A77F-65118B8BF902}.Debug|Any CPU.Build.0 = Debug|Any CPU
		{502B2DEF-C0DA-44A8-A77F-65118B8BF902}.Release|Any CPU.ActiveCfg = Release|Any CPU
		{502B2DEF-C0DA-44A8-A77F-65118B8BF902}.Release|Any CPU.Build.0 = Release|Any CPU
		{CBAF7C57-1904-4B93-9278-F43A5B76D637}.Debug|Any CPU.ActiveCfg = Debug|Any CPU
		{CBAF7C57-1904-4B93-9278-F43A5B76D637}.Debug|Any CPU.Build.0 = Debug|Any CPU
		{CBAF7C57-1904-4B93-9278-F43A5B76D637}.Release|Any CPU.ActiveCfg = Release|Any CPU
		{CBAF7C57-1904-4B93-9278-F43A5B76D637}.Release|Any CPU.Build.0 = Release|Any CPU
		{929F11B1-C52B-45A2-BDA2-7114AFF2CCDC}.Debug|Any CPU.ActiveCfg = Debug|Any CPU
		{929F11B1-C52B-45A2-BDA2-7114AFF2CCDC}.Debug|Any CPU.Build.0 = Debug|Any CPU
		{929F11B1-C52B-45A2-BDA2-7114AFF2CCDC}.Release|Any CPU.ActiveCfg = Release|Any CPU
		{929F11B1-C52B-45A2-BDA2-7114AFF2CCDC}.Release|Any CPU.Build.0 = Release|Any CPU
		{E1A17810-AABF-4B00-BA5F-74C728696CE0}.Debug|Any CPU.ActiveCfg = Debug|Any CPU
		{E1A17810-AABF-4B00-BA5F-74C728696CE0}.Debug|Any CPU.Build.0 = Debug|Any CPU
		{E1A17810-AABF-4B00-BA5F-74C728696CE0}.Release|Any CPU.ActiveCfg = Release|Any CPU
		{E1A17810-AABF-4B00-BA5F-74C728696CE0}.Release|Any CPU.Build.0 = Release|Any CPU
		{F78219CE-6EE7-4ED3-BA18-D1F0571FDB81}.Debug|Any CPU.ActiveCfg = Debug|Any CPU
		{F78219CE-6EE7-4ED3-BA18-D1F0571FDB81}.Debug|Any CPU.Build.0 = Debug|Any CPU
		{F78219CE-6EE7-4ED3-BA18-D1F0571FDB81}.Release|Any CPU.ActiveCfg = Release|Any CPU
		{F78219CE-6EE7-4ED3-BA18-D1F0571FDB81}.Release|Any CPU.Build.0 = Release|Any CPU
	EndGlobalSection
	GlobalSection(SolutionProperties) = preSolution
		HideSolutionNode = FALSE
	EndGlobalSection
	GlobalSection(ExtensibilityGlobals) = postSolution
		SolutionGuid = {CACA560A-1863-4C9E-9AF6-AED787AC1ED2}
	EndGlobalSection
EndGlobal
